{
  "name": "zisionx_dev",
  "lockfileVersion": 2,
  "requires": true,
  "packages": {
    "": {
      "dependencies": {
        "@microsoft/clarity": "^1.0.0",
        "clarity-js": "^0.7.66",
        "react-ga4": "^2.1.0",
        "react-hotjar": "^6.3.1"
      }
    },
    "node_modules/@microsoft/clarity": {
      "version": "1.0.0",
      "resolved": "https://registry.npmjs.org/@microsoft/clarity/-/clarity-1.0.0.tgz",
      "integrity": "sha512-2QY6SmXnqRj6dWhNY8NYCN3e53j4zCFebH4wGnNhdGV1mqAsQwql2fT0w8TISxCvwwfVp8idsWLIdrRHOms1PQ=="
    },
    "node_modules/clarity-js": {
      "version": "0.7.66",
      "resolved": "https://registry.npmjs.org/clarity-js/-/clarity-js-0.7.66.tgz",
      "integrity": "sha512-IgqlVAX4WLF3MhCI5qvEaVwo9UOwt2BxqL4NHyPzptLpbr+H8+GSzQFk5P3pMxYb5fOu5aObi0vrqKezosBYJA=="
    },
    "node_modules/react-ga4": {
      "version": "2.1.0",
      "resolved": "https://registry.npmjs.org/react-ga4/-/react-ga4-2.1.0.tgz",
      "integrity": "sha512-ZKS7PGNFqqMd3PJ6+C2Jtz/o1iU9ggiy8Y8nUeksgVuvNISbmrQtJiZNvC/TjDsqD0QlU5Wkgs7i+w9+OjHhhQ=="
    },
    "node_modules/react-hotjar": {
      "version": "6.3.1",
      "resolved": "https://registry.npmjs.org/react-hotjar/-/react-hotjar-6.3.1.tgz",
      "integrity": "sha512-EwMqL+ROSlKzatMhT/aqRq7XWWfzlnHynSBSTJh5M2O78mBiPohiSl4Ysls3HOQkkD9y6L22BW0c9bxK2JguwQ=="
    }
  },
  "dependencies": {
    "@microsoft/clarity": {
      "version": "1.0.0",
      "resolved": "https://registry.npmjs.org/@microsoft/clarity/-/clarity-1.0.0.tgz",
      "integrity": "sha512-2QY6SmXnqRj6dWhNY8NYCN3e53j4zCFebH4wGnNhdGV1mqAsQwql2fT0w8TISxCvwwfVp8idsWLIdrRHOms1PQ=="
    },
    "clarity-js": {
      "version": "0.7.66",
      "resolved": "https://registry.npmjs.org/clarity-js/-/clarity-js-0.7.66.tgz",
      "integrity": "sha512-IgqlVAX4WLF3MhCI5qvEaVwo9UOwt2BxqL4NHyPzptLpbr+H8+GSzQFk5P3pMxYb5fOu5aObi0vrqKezosBYJA=="
    },
    "react-ga4": {
      "version": "2.1.0",
      "resolved": "https://registry.npmjs.org/react-ga4/-/react-ga4-2.1.0.tgz",
      "integrity": "sha512-ZKS7PGNFqqMd3PJ6+C2Jtz/o1iU9ggiy8Y8nUeksgVuvNISbmrQtJiZNvC/TjDsqD0QlU5Wkgs7i+w9+OjHhhQ=="
    },
    "react-hotjar": {
      "version": "6.3.1",
      "resolved": "https://registry.npmjs.org/react-hotjar/-/react-hotjar-6.3.1.tgz",
      "integrity": "sha512-EwMqL+ROSlKzatMhT/aqRq7XWWfzlnHynSBSTJh5M2O78mBiPohiSl4Ysls3HOQkkD9y6L22BW0c9bxK2JguwQ=="
    }
  }
}
